
Microsoft Visual Studio Solution File, Format Version 12.00
# Visual Studio Version 16
VisualStudioVersion = 16.0.29519.87
MinimumVisualStudioVersion = 10.0.40219.1
Project("{FAE04EC0-301F-11D3-BF4B-00C04F79EFBC}") = "EulerMisc", "EulerMisc\EulerMisc.csproj", "{0087CC1E-C621-489C-A0E1-515CD861A6CF}"
EndProject
Project("{FAE04EC0-301F-11D3-BF4B-00C04F79EFBC}") = "EulerMiscTests", "EulerMiscTests\EulerMiscTests.csproj", "{B685AB40-35C7-4DD3-A109-57E8C423DDF7}"
EndProject
Project("{FAE04EC0-301F-11D3-BF4B-00C04F79EFBC}") = "First25", "First25\First25.csproj", "{C24278CC-95AC-41A2-8437-5C95072051D5}"
EndProject
Project("{FAE04EC0-301F-11D3-BF4B-00C04F79EFBC}") = "Fibonacci1000Digits", "Fibonacci1000Digits\Fibonacci1000Digits.csproj", "{E95C8769-3CF9-4FB5-85E1-ABF1FA4A38F3}"
EndProject
Project("{FAE04EC0-301F-11D3-BF4B-00C04F79EFBC}") = "RecurringCycle", "RecurringCycle\RecurringCycle.csproj", "{72A9ACC5-0E4A-4304-AA20-DDFB739A4C24}"
EndProject
Project("{FAE04EC0-301F-11D3-BF4B-00C04F79EFBC}") = "RecurringCycleTests", "RecurringCycleTests\RecurringCycleTests.csproj", "{206685A2-ABFC-4B27-A44F-3FBF1902B216}"
EndProject
Project("{FAE04EC0-301F-11D3-BF4B-00C04F79EFBC}") = "QuadraticPrimes", "QuadraticPrimes\QuadraticPrimes.csproj", "{B5C90798-2D7B-4263-9FF7-D87A49936934}"
EndProject
Project("{FAE04EC0-301F-11D3-BF4B-00C04F79EFBC}") = "QuadraticPrimesTests", "QuadraticPrimesTests\QuadraticPrimesTests.csproj", "{D0FB73E9-130E-4193-A48F-3507AB74C0D3}"
EndProject
Project("{FAE04EC0-301F-11D3-BF4B-00C04F79EFBC}") = "SmallestTriangleSum150", "SmallestTriangleSum\SmallestTriangleSum150.csproj", "{FEFA16E9-A630-41E5-AE14-4A49CC821218}"
EndProject
Project("{FAE04EC0-301F-11D3-BF4B-00C04F79EFBC}") = "PascalsTriangleDivisibleBy7Problem148", "PascalsTriangleDivisibleBy7Problem149\PascalsTriangleDivisibleBy7Problem148.csproj", "{AA35275F-750D-41E8-A66B-33781097D8D5}"
EndProject
Project("{FAE04EC0-301F-11D3-BF4B-00C04F79EFBC}") = "QuinticSumsProblem30", "QuinticSumsProblem30\QuinticSumsProblem30.csproj", "{29B73AD0-AEC6-4175-AD5A-E6359F26CA08}"
EndProject
Project("{FAE04EC0-301F-11D3-BF4B-00C04F79EFBC}") = "PowerCombinationsProblem29", "PowerCombinationsProblem29\PowerCombinationsProblem29.csproj", "{A5FD6AC2-4200-4996-9451-F9B80549AC8F}"
EndProject
Project("{FAE04EC0-301F-11D3-BF4B-00C04F79EFBC}") = "CoinSumsProblem31", "CoinSums\CoinSumsProblem31.csproj", "{4A14CB0A-26F1-498F-AD7B-4F163AD768AB}"
EndProject
Project("{FAE04EC0-301F-11D3-BF4B-00C04F79EFBC}") = "PandigitalProducts", "PandigitalProducts\PandigitalProducts.csproj", "{22C29EA2-A76E-40AA-9971-FF04A115C0DD}"
EndProject
Project("{FAE04EC0-301F-11D3-BF4B-00C04F79EFBC}") = "UnderTheRainbow493", "UnderTheRainbow493\UnderTheRainbow493.csproj", "{0632E0F5-1280-48EF-8FFD-0539318DF2C3}"
EndProject
Project("{FAE04EC0-301F-11D3-BF4B-00C04F79EFBC}") = "Problem35CircularPrimes", "Problem35CircularPrimes\Problem35CircularPrimes.csproj", "{478C965D-F99A-49F7-BA9E-FF2C0D7EE04E}"
EndProject
Project("{9A19103F-16F7-4668-BE54-9A1E7A4F7556}") = "Topgram", "Topgram\Topgram.csproj", "{0BB8F439-2B22-47E2-ABC8-88D1B16AE668}"
EndProject
Project("{9A19103F-16F7-4668-BE54-9A1E7A4F7556}") = "Problems", "Problems\Problems.csproj", "{FDE47676-E31F-4378-8010-9614A6211B5E}"
EndProject
Project("{9A19103F-16F7-4668-BE54-9A1E7A4F7556}") = "Tests", "Tests\Tests.csproj", "{50DEAF43-D7DB-4251-A486-33502DE58EA3}"
EndProject
Project("{9A19103F-16F7-4668-BE54-9A1E7A4F7556}") = "MathUtilCore", "MathUtilCore\MathUtilCore.csproj", "{9412F783-E87C-401F-8853-4F6AE77F7E9A}"
EndProject
Project("{9A19103F-16F7-4668-BE54-9A1E7A4F7556}") = "MathUtilCoreTests", "MathUtilCoreTests\MathUtilCoreTests.csproj", "{7734C643-0AFD-4C5D-8458-0B0EFD4605FB}"
EndProject
Project("{FAE04EC0-301F-11D3-BF4B-00C04F79EFBC}") = "2DSandbox", "2DSandbox\2DSandbox.csproj", "{984ADF27-4C75-4B34-9DF0-0F8B88DDFD32}"
EndProject
Global
	GlobalSection(SolutionConfigurationPlatforms) = preSolution
		Debug|Any CPU = Debug|Any CPU
		Debug|ARM = Debug|ARM
		Debug|ARM64 = Debug|ARM64
		Debug|x64 = Debug|x64
		Debug|x86 = Debug|x86
		Release|Any CPU = Release|Any CPU
		Release|ARM = Release|ARM
		Release|ARM64 = Release|ARM64
		Release|x64 = Release|x64
		Release|x86 = Release|x86
	EndGlobalSection
	GlobalSection(ProjectConfigurationPlatforms) = postSolution
		{0087CC1E-C621-489C-A0E1-515CD861A6CF}.Debug|Any CPU.ActiveCfg = Debug|Any CPU
		{0087CC1E-C621-489C-A0E1-515CD861A6CF}.Debug|Any CPU.Build.0 = Debug|Any CPU
		{0087CC1E-C621-489C-A0E1-515CD861A6CF}.Debug|ARM.ActiveCfg = Debug|Any CPU
		{0087CC1E-C621-489C-A0E1-515CD861A6CF}.Debug|ARM.Build.0 = Debug|Any CPU
		{0087CC1E-C621-489C-A0E1-515CD861A6CF}.Debug|ARM64.ActiveCfg = Debug|Any CPU
		{0087CC1E-C621-489C-A0E1-515CD861A6CF}.Debug|ARM64.Build.0 = Debug|Any CPU
		{0087CC1E-C621-489C-A0E1-515CD861A6CF}.Debug|x64.ActiveCfg = Debug|Any CPU
		{0087CC1E-C621-489C-A0E1-515CD861A6CF}.Debug|x64.Build.0 = Debug|Any CPU
		{0087CC1E-C621-489C-A0E1-515CD861A6CF}.Debug|x86.ActiveCfg = Debug|Any CPU
		{0087CC1E-C621-489C-A0E1-515CD861A6CF}.Debug|x86.Build.0 = Debug|Any CPU
		{0087CC1E-C621-489C-A0E1-515CD861A6CF}.Release|Any CPU.ActiveCfg = Release|Any CPU
		{0087CC1E-C621-489C-A0E1-515CD861A6CF}.Release|Any CPU.Build.0 = Release|Any CPU
		{0087CC1E-C621-489C-A0E1-515CD861A6CF}.Release|ARM.ActiveCfg = Release|Any CPU
		{0087CC1E-C621-489C-A0E1-515CD861A6CF}.Release|ARM.Build.0 = Release|Any CPU
		{0087CC1E-C621-489C-A0E1-515CD861A6CF}.Release|ARM64.ActiveCfg = Release|Any CPU
		{0087CC1E-C621-489C-A0E1-515CD861A6CF}.Release|ARM64.Build.0 = Release|Any CPU
		{0087CC1E-C621-489C-A0E1-515CD861A6CF}.Release|x64.ActiveCfg = Release|Any CPU
		{0087CC1E-C621-489C-A0E1-515CD861A6CF}.Release|x64.Build.0 = Release|Any CPU
		{0087CC1E-C621-489C-A0E1-515CD861A6CF}.Release|x86.ActiveCfg = Release|Any CPU
		{0087CC1E-C621-489C-A0E1-515CD861A6CF}.Release|x86.Build.0 = Release|Any CPU
		{B685AB40-35C7-4DD3-A109-57E8C423DDF7}.Debug|Any CPU.ActiveCfg = Debug|Any CPU
		{B685AB40-35C7-4DD3-A109-57E8C423DDF7}.Debug|Any CPU.Build.0 = Debug|Any CPU
		{B685AB40-35C7-4DD3-A109-57E8C423DDF7}.Debug|ARM.ActiveCfg = Debug|Any CPU
		{B685AB40-35C7-4DD3-A109-57E8C423DDF7}.Debug|ARM.Build.0 = Debug|Any CPU
		{B685AB40-35C7-4DD3-A109-57E8C423DDF7}.Debug|ARM64.ActiveCfg = Debug|Any CPU
		{B685AB40-35C7-4DD3-A109-57E8C423DDF7}.Debug|ARM64.Build.0 = Debug|Any CPU
		{B685AB40-35C7-4DD3-A109-57E8C423DDF7}.Debug|x64.ActiveCfg = Debug|Any CPU
		{B685AB40-35C7-4DD3-A109-57E8C423DDF7}.Debug|x64.Build.0 = Debug|Any CPU
		{B685AB40-35C7-4DD3-A109-57E8C423DDF7}.Debug|x86.ActiveCfg = Debug|Any CPU
		{B685AB40-35C7-4DD3-A109-57E8C423DDF7}.Debug|x86.Build.0 = Debug|Any CPU
		{B685AB40-35C7-4DD3-A109-57E8C423DDF7}.Release|Any CPU.ActiveCfg = Release|Any CPU
		{B685AB40-35C7-4DD3-A109-57E8C423DDF7}.Release|Any CPU.Build.0 = Release|Any CPU
		{B685AB40-35C7-4DD3-A109-57E8C423DDF7}.Release|ARM.ActiveCfg = Release|Any CPU
		{B685AB40-35C7-4DD3-A109-57E8C423DDF7}.Release|ARM.Build.0 = Release|Any CPU
		{B685AB40-35C7-4DD3-A109-57E8C423DDF7}.Release|ARM64.ActiveCfg = Release|Any CPU
		{B685AB40-35C7-4DD3-A109-57E8C423DDF7}.Release|ARM64.Build.0 = Release|Any CPU
		{B685AB40-35C7-4DD3-A109-57E8C423DDF7}.Release|x64.ActiveCfg = Release|Any CPU
		{B685AB40-35C7-4DD3-A109-57E8C423DDF7}.Release|x64.Build.0 = Release|Any CPU
		{B685AB40-35C7-4DD3-A109-57E8C423DDF7}.Release|x86.ActiveCfg = Release|Any CPU
		{B685AB40-35C7-4DD3-A109-57E8C423DDF7}.Release|x86.Build.0 = Release|Any CPU
		{C24278CC-95AC-41A2-8437-5C95072051D5}.Debug|Any CPU.ActiveCfg = Debug|Any CPU
		{C24278CC-95AC-41A2-8437-5C95072051D5}.Debug|Any CPU.Build.0 = Debug|Any CPU
		{C24278CC-95AC-41A2-8437-5C95072051D5}.Debug|ARM.ActiveCfg = Debug|Any CPU
		{C24278CC-95AC-41A2-8437-5C95072051D5}.Debug|ARM.Build.0 = Debug|Any CPU
		{C24278CC-95AC-41A2-8437-5C95072051D5}.Debug|ARM64.ActiveCfg = Debug|Any CPU
		{C24278CC-95AC-41A2-8437-5C95072051D5}.Debug|ARM64.Build.0 = Debug|Any CPU
		{C24278CC-95AC-41A2-8437-5C95072051D5}.Debug|x64.ActiveCfg = Debug|Any CPU
		{C24278CC-95AC-41A2-8437-5C95072051D5}.Debug|x64.Build.0 = Debug|Any CPU
		{C24278CC-95AC-41A2-8437-5C95072051D5}.Debug|x86.ActiveCfg = Debug|Any CPU
		{C24278CC-95AC-41A2-8437-5C95072051D5}.Debug|x86.Build.0 = Debug|Any CPU
		{C24278CC-95AC-41A2-8437-5C95072051D5}.Release|Any CPU.ActiveCfg = Release|Any CPU
		{C24278CC-95AC-41A2-8437-5C95072051D5}.Release|Any CPU.Build.0 = Release|Any CPU
		{C24278CC-95AC-41A2-8437-5C95072051D5}.Release|ARM.ActiveCfg = Release|Any CPU
		{C24278CC-95AC-41A2-8437-5C95072051D5}.Release|ARM.Build.0 = Release|Any CPU
		{C24278CC-95AC-41A2-8437-5C95072051D5}.Release|ARM64.ActiveCfg = Release|Any CPU
		{C24278CC-95AC-41A2-8437-5C95072051D5}.Release|ARM64.Build.0 = Release|Any CPU
		{C24278CC-95AC-41A2-8437-5C95072051D5}.Release|x64.ActiveCfg = Release|Any CPU
		{C24278CC-95AC-41A2-8437-5C95072051D5}.Release|x64.Build.0 = Release|Any CPU
		{C24278CC-95AC-41A2-8437-5C95072051D5}.Release|x86.ActiveCfg = Release|Any CPU
		{C24278CC-95AC-41A2-8437-5C95072051D5}.Release|x86.Build.0 = Release|Any CPU
		{E95C8769-3CF9-4FB5-85E1-ABF1FA4A38F3}.Debug|Any CPU.ActiveCfg = Debug|Any CPU
		{E95C8769-3CF9-4FB5-85E1-ABF1FA4A38F3}.Debug|Any CPU.Build.0 = Debug|Any CPU
		{E95C8769-3CF9-4FB5-85E1-ABF1FA4A38F3}.Debug|ARM.ActiveCfg = Debug|Any CPU
		{E95C8769-3CF9-4FB5-85E1-ABF1FA4A38F3}.Debug|ARM.Build.0 = Debug|Any CPU
		{E95C8769-3CF9-4FB5-85E1-ABF1FA4A38F3}.Debug|ARM64.ActiveCfg = Debug|Any CPU
		{E95C8769-3CF9-4FB5-85E1-ABF1FA4A38F3}.Debug|ARM64.Build.0 = Debug|Any CPU
		{E95C8769-3CF9-4FB5-85E1-ABF1FA4A38F3}.Debug|x64.ActiveCfg = Debug|Any CPU
		{E95C8769-3CF9-4FB5-85E1-ABF1FA4A38F3}.Debug|x64.Build.0 = Debug|Any CPU
		{E95C8769-3CF9-4FB5-85E1-ABF1FA4A38F3}.Debug|x86.ActiveCfg = Debug|Any CPU
		{E95C8769-3CF9-4FB5-85E1-ABF1FA4A38F3}.Debug|x86.Build.0 = Debug|Any CPU
		{E95C8769-3CF9-4FB5-85E1-ABF1FA4A38F3}.Release|Any CPU.ActiveCfg = Release|Any CPU
		{E95C8769-3CF9-4FB5-85E1-ABF1FA4A38F3}.Release|Any CPU.Build.0 = Release|Any CPU
		{E95C8769-3CF9-4FB5-85E1-ABF1FA4A38F3}.Release|ARM.ActiveCfg = Release|Any CPU
		{E95C8769-3CF9-4FB5-85E1-ABF1FA4A38F3}.Release|ARM.Build.0 = Release|Any CPU
		{E95C8769-3CF9-4FB5-85E1-ABF1FA4A38F3}.Release|ARM64.ActiveCfg = Release|Any CPU
		{E95C8769-3CF9-4FB5-85E1-ABF1FA4A38F3}.Release|ARM64.Build.0 = Release|Any CPU
		{E95C8769-3CF9-4FB5-85E1-ABF1FA4A38F3}.Release|x64.ActiveCfg = Release|Any CPU
		{E95C8769-3CF9-4FB5-85E1-ABF1FA4A38F3}.Release|x64.Build.0 = Release|Any CPU
		{E95C8769-3CF9-4FB5-85E1-ABF1FA4A38F3}.Release|x86.ActiveCfg = Release|Any CPU
		{E95C8769-3CF9-4FB5-85E1-ABF1FA4A38F3}.Release|x86.Build.0 = Release|Any CPU
		{72A9ACC5-0E4A-4304-AA20-DDFB739A4C24}.Debug|Any CPU.ActiveCfg = Debug|Any CPU
		{72A9ACC5-0E4A-4304-AA20-DDFB739A4C24}.Debug|Any CPU.Build.0 = Debug|Any CPU
		{72A9ACC5-0E4A-4304-AA20-DDFB739A4C24}.Debug|ARM.ActiveCfg = Debug|Any CPU
		{72A9ACC5-0E4A-4304-AA20-DDFB739A4C24}.Debug|ARM.Build.0 = Debug|Any CPU
		{72A9ACC5-0E4A-4304-AA20-DDFB739A4C24}.Debug|ARM64.ActiveCfg = Debug|Any CPU
		{72A9ACC5-0E4A-4304-AA20-DDFB739A4C24}.Debug|ARM64.Build.0 = Debug|Any CPU
		{72A9ACC5-0E4A-4304-AA20-DDFB739A4C24}.Debug|x64.ActiveCfg = Debug|Any CPU
		{72A9ACC5-0E4A-4304-AA20-DDFB739A4C24}.Debug|x64.Build.0 = Debug|Any CPU
		{72A9ACC5-0E4A-4304-AA20-DDFB739A4C24}.Debug|x86.ActiveCfg = Debug|Any CPU
		{72A9ACC5-0E4A-4304-AA20-DDFB739A4C24}.Debug|x86.Build.0 = Debug|Any CPU
		{72A9ACC5-0E4A-4304-AA20-DDFB739A4C24}.Release|Any CPU.ActiveCfg = Release|Any CPU
		{72A9ACC5-0E4A-4304-AA20-DDFB739A4C24}.Release|Any CPU.Build.0 = Release|Any CPU
		{72A9ACC5-0E4A-4304-AA20-DDFB739A4C24}.Release|ARM.ActiveCfg = Release|Any CPU
		{72A9ACC5-0E4A-4304-AA20-DDFB739A4C24}.Release|ARM.Build.0 = Release|Any CPU
		{72A9ACC5-0E4A-4304-AA20-DDFB739A4C24}.Release|ARM64.ActiveCfg = Release|Any CPU
		{72A9ACC5-0E4A-4304-AA20-DDFB739A4C24}.Release|ARM64.Build.0 = Release|Any CPU
		{72A9ACC5-0E4A-4304-AA20-DDFB739A4C24}.Release|x64.ActiveCfg = Release|Any CPU
		{72A9ACC5-0E4A-4304-AA20-DDFB739A4C24}.Release|x64.Build.0 = Release|Any CPU
		{72A9ACC5-0E4A-4304-AA20-DDFB739A4C24}.Release|x86.ActiveCfg = Release|Any CPU
		{72A9ACC5-0E4A-4304-AA20-DDFB739A4C24}.Release|x86.Build.0 = Release|Any CPU
		{206685A2-ABFC-4B27-A44F-3FBF1902B216}.Debug|Any CPU.ActiveCfg = Debug|Any CPU
		{206685A2-ABFC-4B27-A44F-3FBF1902B216}.Debug|Any CPU.Build.0 = Debug|Any CPU
		{206685A2-ABFC-4B27-A44F-3FBF1902B216}.Debug|ARM.ActiveCfg = Debug|Any CPU
		{206685A2-ABFC-4B27-A44F-3FBF1902B216}.Debug|ARM.Build.0 = Debug|Any CPU
		{206685A2-ABFC-4B27-A44F-3FBF1902B216}.Debug|ARM64.ActiveCfg = Debug|Any CPU
		{206685A2-ABFC-4B27-A44F-3FBF1902B216}.Debug|ARM64.Build.0 = Debug|Any CPU
		{206685A2-ABFC-4B27-A44F-3FBF1902B216}.Debug|x64.ActiveCfg = Debug|Any CPU
		{206685A2-ABFC-4B27-A44F-3FBF1902B216}.Debug|x64.Build.0 = Debug|Any CPU
		{206685A2-ABFC-4B27-A44F-3FBF1902B216}.Debug|x86.ActiveCfg = Debug|Any CPU
		{206685A2-ABFC-4B27-A44F-3FBF1902B216}.Debug|x86.Build.0 = Debug|Any CPU
		{206685A2-ABFC-4B27-A44F-3FBF1902B216}.Release|Any CPU.ActiveCfg = Release|Any CPU
		{206685A2-ABFC-4B27-A44F-3FBF1902B216}.Release|Any CPU.Build.0 = Release|Any CPU
		{206685A2-ABFC-4B27-A44F-3FBF1902B216}.Release|ARM.ActiveCfg = Release|Any CPU
		{206685A2-ABFC-4B27-A44F-3FBF1902B216}.Release|ARM.Build.0 = Release|Any CPU
		{206685A2-ABFC-4B27-A44F-3FBF1902B216}.Release|ARM64.ActiveCfg = Release|Any CPU
		{206685A2-ABFC-4B27-A44F-3FBF1902B216}.Release|ARM64.Build.0 = Release|Any CPU
		{206685A2-ABFC-4B27-A44F-3FBF1902B216}.Release|x64.ActiveCfg = Release|Any CPU
		{206685A2-ABFC-4B27-A44F-3FBF1902B216}.Release|x64.Build.0 = Release|Any CPU
		{206685A2-ABFC-4B27-A44F-3FBF1902B216}.Release|x86.ActiveCfg = Release|Any CPU
		{206685A2-ABFC-4B27-A44F-3FBF1902B216}.Release|x86.Build.0 = Release|Any CPU
		{B5C90798-2D7B-4263-9FF7-D87A49936934}.Debug|Any CPU.ActiveCfg = Debug|Any CPU
		{B5C90798-2D7B-4263-9FF7-D87A49936934}.Debug|Any CPU.Build.0 = Debug|Any CPU
		{B5C90798-2D7B-4263-9FF7-D87A49936934}.Debug|ARM.ActiveCfg = Debug|Any CPU
		{B5C90798-2D7B-4263-9FF7-D87A49936934}.Debug|ARM.Build.0 = Debug|Any CPU
		{B5C90798-2D7B-4263-9FF7-D87A49936934}.Debug|ARM64.ActiveCfg = Debug|Any CPU
		{B5C90798-2D7B-4263-9FF7-D87A49936934}.Debug|ARM64.Build.0 = Debug|Any CPU
		{B5C90798-2D7B-4263-9FF7-D87A49936934}.Debug|x64.ActiveCfg = Debug|Any CPU
		{B5C90798-2D7B-4263-9FF7-D87A49936934}.Debug|x64.Build.0 = Debug|Any CPU
		{B5C90798-2D7B-4263-9FF7-D87A49936934}.Debug|x86.ActiveCfg = Debug|Any CPU
		{B5C90798-2D7B-4263-9FF7-D87A49936934}.Debug|x86.Build.0 = Debug|Any CPU
		{B5C90798-2D7B-4263-9FF7-D87A49936934}.Release|Any CPU.ActiveCfg = Release|Any CPU
		{B5C90798-2D7B-4263-9FF7-D87A49936934}.Release|Any CPU.Build.0 = Release|Any CPU
		{B5C90798-2D7B-4263-9FF7-D87A49936934}.Release|ARM.ActiveCfg = Release|Any CPU
		{B5C90798-2D7B-4263-9FF7-D87A49936934}.Release|ARM.Build.0 = Release|Any CPU
		{B5C90798-2D7B-4263-9FF7-D87A49936934}.Release|ARM64.ActiveCfg = Release|Any CPU
		{B5C90798-2D7B-4263-9FF7-D87A49936934}.Release|ARM64.Build.0 = Release|Any CPU
		{B5C90798-2D7B-4263-9FF7-D87A49936934}.Release|x64.ActiveCfg = Release|Any CPU
		{B5C90798-2D7B-4263-9FF7-D87A49936934}.Release|x64.Build.0 = Release|Any CPU
		{B5C90798-2D7B-4263-9FF7-D87A49936934}.Release|x86.ActiveCfg = Release|Any CPU
		{B5C90798-2D7B-4263-9FF7-D87A49936934}.Release|x86.Build.0 = Release|Any CPU
		{D0FB73E9-130E-4193-A48F-3507AB74C0D3}.Debug|Any CPU.ActiveCfg = Debug|Any CPU
		{D0FB73E9-130E-4193-A48F-3507AB74C0D3}.Debug|Any CPU.Build.0 = Debug|Any CPU
		{D0FB73E9-130E-4193-A48F-3507AB74C0D3}.Debug|ARM.ActiveCfg = Debug|Any CPU
		{D0FB73E9-130E-4193-A48F-3507AB74C0D3}.Debug|ARM.Build.0 = Debug|Any CPU
		{D0FB73E9-130E-4193-A48F-3507AB74C0D3}.Debug|ARM64.ActiveCfg = Debug|Any CPU
		{D0FB73E9-130E-4193-A48F-3507AB74C0D3}.Debug|ARM64.Build.0 = Debug|Any CPU
		{D0FB73E9-130E-4193-A48F-3507AB74C0D3}.Debug|x64.ActiveCfg = Debug|Any CPU
		{D0FB73E9-130E-4193-A48F-3507AB74C0D3}.Debug|x64.Build.0 = Debug|Any CPU
		{D0FB73E9-130E-4193-A48F-3507AB74C0D3}.Debug|x86.ActiveCfg = Debug|Any CPU
		{D0FB73E9-130E-4193-A48F-3507AB74C0D3}.Debug|x86.Build.0 = Debug|Any CPU
		{D0FB73E9-130E-4193-A48F-3507AB74C0D3}.Release|Any CPU.ActiveCfg = Release|Any CPU
		{D0FB73E9-130E-4193-A48F-3507AB74C0D3}.Release|Any CPU.Build.0 = Release|Any CPU
		{D0FB73E9-130E-4193-A48F-3507AB74C0D3}.Release|ARM.ActiveCfg = Release|Any CPU
		{D0FB73E9-130E-4193-A48F-3507AB74C0D3}.Release|ARM.Build.0 = Release|Any CPU
		{D0FB73E9-130E-4193-A48F-3507AB74C0D3}.Release|ARM64.ActiveCfg = Release|Any CPU
		{D0FB73E9-130E-4193-A48F-3507AB74C0D3}.Release|ARM64.Build.0 = Release|Any CPU
		{D0FB73E9-130E-4193-A48F-3507AB74C0D3}.Release|x64.ActiveCfg = Release|Any CPU
		{D0FB73E9-130E-4193-A48F-3507AB74C0D3}.Release|x64.Build.0 = Release|Any CPU
		{D0FB73E9-130E-4193-A48F-3507AB74C0D3}.Release|x86.ActiveCfg = Release|Any CPU
		{D0FB73E9-130E-4193-A48F-3507AB74C0D3}.Release|x86.Build.0 = Release|Any CPU
		{FEFA16E9-A630-41E5-AE14-4A49CC821218}.Debug|Any CPU.ActiveCfg = Debug|Any CPU
		{FEFA16E9-A630-41E5-AE14-4A49CC821218}.Debug|Any CPU.Build.0 = Debug|Any CPU
		{FEFA16E9-A630-41E5-AE14-4A49CC821218}.Debug|ARM.ActiveCfg = Debug|Any CPU
		{FEFA16E9-A630-41E5-AE14-4A49CC821218}.Debug|ARM.Build.0 = Debug|Any CPU
		{FEFA16E9-A630-41E5-AE14-4A49CC821218}.Debug|ARM64.ActiveCfg = Debug|Any CPU
		{FEFA16E9-A630-41E5-AE14-4A49CC821218}.Debug|ARM64.Build.0 = Debug|Any CPU
		{FEFA16E9-A630-41E5-AE14-4A49CC821218}.Debug|x64.ActiveCfg = Debug|Any CPU
		{FEFA16E9-A630-41E5-AE14-4A49CC821218}.Debug|x64.Build.0 = Debug|Any CPU
		{FEFA16E9-A630-41E5-AE14-4A49CC821218}.Debug|x86.ActiveCfg = Debug|Any CPU
		{FEFA16E9-A630-41E5-AE14-4A49CC821218}.Debug|x86.Build.0 = Debug|Any CPU
		{FEFA16E9-A630-41E5-AE14-4A49CC821218}.Release|Any CPU.ActiveCfg = Release|Any CPU
		{FEFA16E9-A630-41E5-AE14-4A49CC821218}.Release|Any CPU.Build.0 = Release|Any CPU
		{FEFA16E9-A630-41E5-AE14-4A49CC821218}.Release|ARM.ActiveCfg = Release|Any CPU
		{FEFA16E9-A630-41E5-AE14-4A49CC821218}.Release|ARM.Build.0 = Release|Any CPU
		{FEFA16E9-A630-41E5-AE14-4A49CC821218}.Release|ARM64.ActiveCfg = Release|Any CPU
		{FEFA16E9-A630-41E5-AE14-4A49CC821218}.Release|ARM64.Build.0 = Release|Any CPU
		{FEFA16E9-A630-41E5-AE14-4A49CC821218}.Release|x64.ActiveCfg = Release|Any CPU
		{FEFA16E9-A630-41E5-AE14-4A49CC821218}.Release|x64.Build.0 = Release|Any CPU
		{FEFA16E9-A630-41E5-AE14-4A49CC821218}.Release|x86.ActiveCfg = Release|Any CPU
		{FEFA16E9-A630-41E5-AE14-4A49CC821218}.Release|x86.Build.0 = Release|Any CPU
		{AA35275F-750D-41E8-A66B-33781097D8D5}.Debug|Any CPU.ActiveCfg = Debug|Any CPU
		{AA35275F-750D-41E8-A66B-33781097D8D5}.Debug|Any CPU.Build.0 = Debug|Any CPU
		{AA35275F-750D-41E8-A66B-33781097D8D5}.Debug|ARM.ActiveCfg = Debug|Any CPU
		{AA35275F-750D-41E8-A66B-33781097D8D5}.Debug|ARM.Build.0 = Debug|Any CPU
		{AA35275F-750D-41E8-A66B-33781097D8D5}.Debug|ARM64.ActiveCfg = Debug|Any CPU
		{AA35275F-750D-41E8-A66B-33781097D8D5}.Debug|ARM64.Build.0 = Debug|Any CPU
		{AA35275F-750D-41E8-A66B-33781097D8D5}.Debug|x64.ActiveCfg = Debug|Any CPU
		{AA35275F-750D-41E8-A66B-33781097D8D5}.Debug|x64.Build.0 = Debug|Any CPU
		{AA35275F-750D-41E8-A66B-33781097D8D5}.Debug|x86.ActiveCfg = Debug|Any CPU
		{AA35275F-750D-41E8-A66B-33781097D8D5}.Debug|x86.Build.0 = Debug|Any CPU
		{AA35275F-750D-41E8-A66B-33781097D8D5}.Release|Any CPU.ActiveCfg = Release|Any CPU
		{AA35275F-750D-41E8-A66B-33781097D8D5}.Release|Any CPU.Build.0 = Release|Any CPU
		{AA35275F-750D-41E8-A66B-33781097D8D5}.Release|ARM.ActiveCfg = Release|Any CPU
		{AA35275F-750D-41E8-A66B-33781097D8D5}.Release|ARM.Build.0 = Release|Any CPU
		{AA35275F-750D-41E8-A66B-33781097D8D5}.Release|ARM64.ActiveCfg = Release|Any CPU
		{AA35275F-750D-41E8-A66B-33781097D8D5}.Release|ARM64.Build.0 = Release|Any CPU
		{AA35275F-750D-41E8-A66B-33781097D8D5}.Release|x64.ActiveCfg = Release|Any CPU
		{AA35275F-750D-41E8-A66B-33781097D8D5}.Release|x64.Build.0 = Release|Any CPU
		{AA35275F-750D-41E8-A66B-33781097D8D5}.Release|x86.ActiveCfg = Release|Any CPU
		{AA35275F-750D-41E8-A66B-33781097D8D5}.Release|x86.Build.0 = Release|Any CPU
		{29B73AD0-AEC6-4175-AD5A-E6359F26CA08}.Debug|Any CPU.ActiveCfg = Debug|Any CPU
		{29B73AD0-AEC6-4175-AD5A-E6359F26CA08}.Debug|Any CPU.Build.0 = Debug|Any CPU
		{29B73AD0-AEC6-4175-AD5A-E6359F26CA08}.Debug|ARM.ActiveCfg = Debug|Any CPU
		{29B73AD0-AEC6-4175-AD5A-E6359F26CA08}.Debug|ARM.Build.0 = Debug|Any CPU
		{29B73AD0-AEC6-4175-AD5A-E6359F26CA08}.Debug|ARM64.ActiveCfg = Debug|Any CPU
		{29B73AD0-AEC6-4175-AD5A-E6359F26CA08}.Debug|ARM64.Build.0 = Debug|Any CPU
		{29B73AD0-AEC6-4175-AD5A-E6359F26CA08}.Debug|x64.ActiveCfg = Debug|Any CPU
		{29B73AD0-AEC6-4175-AD5A-E6359F26CA08}.Debug|x64.Build.0 = Debug|Any CPU
		{29B73AD0-AEC6-4175-AD5A-E6359F26CA08}.Debug|x86.ActiveCfg = Debug|Any CPU
		{29B73AD0-AEC6-4175-AD5A-E6359F26CA08}.Debug|x86.Build.0 = Debug|Any CPU
		{29B73AD0-AEC6-4175-AD5A-E6359F26CA08}.Release|Any CPU.ActiveCfg = Release|Any CPU
		{29B73AD0-AEC6-4175-AD5A-E6359F26CA08}.Release|Any CPU.Build.0 = Release|Any CPU
		{29B73AD0-AEC6-4175-AD5A-E6359F26CA08}.Release|ARM.ActiveCfg = Release|Any CPU
		{29B73AD0-AEC6-4175-AD5A-E6359F26CA08}.Release|ARM.Build.0 = Release|Any CPU
		{29B73AD0-AEC6-4175-AD5A-E6359F26CA08}.Release|ARM64.ActiveCfg = Release|Any CPU
		{29B73AD0-AEC6-4175-AD5A-E6359F26CA08}.Release|ARM64.Build.0 = Release|Any CPU
		{29B73AD0-AEC6-4175-AD5A-E6359F26CA08}.Release|x64.ActiveCfg = Release|Any CPU
		{29B73AD0-AEC6-4175-AD5A-E6359F26CA08}.Release|x64.Build.0 = Release|Any CPU
		{29B73AD0-AEC6-4175-AD5A-E6359F26CA08}.Release|x86.ActiveCfg = Release|Any CPU
		{29B73AD0-AEC6-4175-AD5A-E6359F26CA08}.Release|x86.Build.0 = Release|Any CPU
		{A5FD6AC2-4200-4996-9451-F9B80549AC8F}.Debug|Any CPU.ActiveCfg = Debug|Any CPU
		{A5FD6AC2-4200-4996-9451-F9B80549AC8F}.Debug|Any CPU.Build.0 = Debug|Any CPU
		{A5FD6AC2-4200-4996-9451-F9B80549AC8F}.Debug|ARM.ActiveCfg = Debug|Any CPU
		{A5FD6AC2-4200-4996-9451-F9B80549AC8F}.Debug|ARM.Build.0 = Debug|Any CPU
		{A5FD6AC2-4200-4996-9451-F9B80549AC8F}.Debug|ARM64.ActiveCfg = Debug|Any CPU
		{A5FD6AC2-4200-4996-9451-F9B80549AC8F}.Debug|ARM64.Build.0 = Debug|Any CPU
		{A5FD6AC2-4200-4996-9451-F9B80549AC8F}.Debug|x64.ActiveCfg = Debug|Any CPU
		{A5FD6AC2-4200-4996-9451-F9B80549AC8F}.Debug|x64.Build.0 = Debug|Any CPU
		{A5FD6AC2-4200-4996-9451-F9B80549AC8F}.Debug|x86.ActiveCfg = Debug|Any CPU
		{A5FD6AC2-4200-4996-9451-F9B80549AC8F}.Debug|x86.Build.0 = Debug|Any CPU
		{A5FD6AC2-4200-4996-9451-F9B80549AC8F}.Release|Any CPU.ActiveCfg = Release|Any CPU
		{A5FD6AC2-4200-4996-9451-F9B80549AC8F}.Release|Any CPU.Build.0 = Release|Any CPU
		{A5FD6AC2-4200-4996-9451-F9B80549AC8F}.Release|ARM.ActiveCfg = Release|Any CPU
		{A5FD6AC2-4200-4996-9451-F9B80549AC8F}.Release|ARM.Build.0 = Release|Any CPU
		{A5FD6AC2-4200-4996-9451-F9B80549AC8F}.Release|ARM64.ActiveCfg = Release|Any CPU
		{A5FD6AC2-4200-4996-9451-F9B80549AC8F}.Release|ARM64.Build.0 = Release|Any CPU
		{A5FD6AC2-4200-4996-9451-F9B80549AC8F}.Release|x64.ActiveCfg = Release|Any CPU
		{A5FD6AC2-4200-4996-9451-F9B80549AC8F}.Release|x64.Build.0 = Release|Any CPU
		{A5FD6AC2-4200-4996-9451-F9B80549AC8F}.Release|x86.ActiveCfg = Release|Any CPU
		{A5FD6AC2-4200-4996-9451-F9B80549AC8F}.Release|x86.Build.0 = Release|Any CPU
		{4A14CB0A-26F1-498F-AD7B-4F163AD768AB}.Debug|Any CPU.ActiveCfg = Debug|Any CPU
		{4A14CB0A-26F1-498F-AD7B-4F163AD768AB}.Debug|Any CPU.Build.0 = Debug|Any CPU
		{4A14CB0A-26F1-498F-AD7B-4F163AD768AB}.Debug|ARM.ActiveCfg = Debug|Any CPU
		{4A14CB0A-26F1-498F-AD7B-4F163AD768AB}.Debug|ARM.Build.0 = Debug|Any CPU
		{4A14CB0A-26F1-498F-AD7B-4F163AD768AB}.Debug|ARM64.ActiveCfg = Debug|Any CPU
		{4A14CB0A-26F1-498F-AD7B-4F163AD768AB}.Debug|ARM64.Build.0 = Debug|Any CPU
		{4A14CB0A-26F1-498F-AD7B-4F163AD768AB}.Debug|x64.ActiveCfg = Debug|Any CPU
		{4A14CB0A-26F1-498F-AD7B-4F163AD768AB}.Debug|x64.Build.0 = Debug|Any CPU
		{4A14CB0A-26F1-498F-AD7B-4F163AD768AB}.Debug|x86.ActiveCfg = Debug|Any CPU
		{4A14CB0A-26F1-498F-AD7B-4F163AD768AB}.Debug|x86.Build.0 = Debug|Any CPU
		{4A14CB0A-26F1-498F-AD7B-4F163AD768AB}.Release|Any CPU.ActiveCfg = Release|Any CPU
		{4A14CB0A-26F1-498F-AD7B-4F163AD768AB}.Release|Any CPU.Build.0 = Release|Any CPU
		{4A14CB0A-26F1-498F-AD7B-4F163AD768AB}.Release|ARM.ActiveCfg = Release|Any CPU
		{4A14CB0A-26F1-498F-AD7B-4F163AD768AB}.Release|ARM.Build.0 = Release|Any CPU
		{4A14CB0A-26F1-498F-AD7B-4F163AD768AB}.Release|ARM64.ActiveCfg = Release|Any CPU
		{4A14CB0A-26F1-498F-AD7B-4F163AD768AB}.Release|ARM64.Build.0 = Release|Any CPU
		{4A14CB0A-26F1-498F-AD7B-4F163AD768AB}.Release|x64.ActiveCfg = Release|Any CPU
		{4A14CB0A-26F1-498F-AD7B-4F163AD768AB}.Release|x64.Build.0 = Release|Any CPU
		{4A14CB0A-26F1-498F-AD7B-4F163AD768AB}.Release|x86.ActiveCfg = Release|Any CPU
		{4A14CB0A-26F1-498F-AD7B-4F163AD768AB}.Release|x86.Build.0 = Release|Any CPU
		{22C29EA2-A76E-40AA-9971-FF04A115C0DD}.Debug|Any CPU.ActiveCfg = Debug|Any CPU
		{22C29EA2-A76E-40AA-9971-FF04A115C0DD}.Debug|Any CPU.Build.0 = Debug|Any CPU
		{22C29EA2-A76E-40AA-9971-FF04A115C0DD}.Debug|ARM.ActiveCfg = Debug|Any CPU
		{22C29EA2-A76E-40AA-9971-FF04A115C0DD}.Debug|ARM.Build.0 = Debug|Any CPU
		{22C29EA2-A76E-40AA-9971-FF04A115C0DD}.Debug|ARM64.ActiveCfg = Debug|Any CPU
		{22C29EA2-A76E-40AA-9971-FF04A115C0DD}.Debug|ARM64.Build.0 = Debug|Any CPU
		{22C29EA2-A76E-40AA-9971-FF04A115C0DD}.Debug|x64.ActiveCfg = Debug|Any CPU
		{22C29EA2-A76E-40AA-9971-FF04A115C0DD}.Debug|x64.Build.0 = Debug|Any CPU
		{22C29EA2-A76E-40AA-9971-FF04A115C0DD}.Debug|x86.ActiveCfg = Debug|Any CPU
		{22C29EA2-A76E-40AA-9971-FF04A115C0DD}.Debug|x86.Build.0 = Debug|Any CPU
		{22C29EA2-A76E-40AA-9971-FF04A115C0DD}.Release|Any CPU.ActiveCfg = Release|Any CPU
		{22C29EA2-A76E-40AA-9971-FF04A115C0DD}.Release|Any CPU.Build.0 = Release|Any CPU
		{22C29EA2-A76E-40AA-9971-FF04A115C0DD}.Release|ARM.ActiveCfg = Release|Any CPU
		{22C29EA2-A76E-40AA-9971-FF04A115C0DD}.Release|ARM.Build.0 = Release|Any CPU
		{22C29EA2-A76E-40AA-9971-FF04A115C0DD}.Release|ARM64.ActiveCfg = Release|Any CPU
		{22C29EA2-A76E-40AA-9971-FF04A115C0DD}.Release|ARM64.Build.0 = Release|Any CPU
		{22C29EA2-A76E-40AA-9971-FF04A115C0DD}.Release|x64.ActiveCfg = Release|Any CPU
		{22C29EA2-A76E-40AA-9971-FF04A115C0DD}.Release|x64.Build.0 = Release|Any CPU
		{22C29EA2-A76E-40AA-9971-FF04A115C0DD}.Release|x86.ActiveCfg = Release|Any CPU
		{22C29EA2-A76E-40AA-9971-FF04A115C0DD}.Release|x86.Build.0 = Release|Any CPU
		{0632E0F5-1280-48EF-8FFD-0539318DF2C3}.Debug|Any CPU.ActiveCfg = Debug|Any CPU
		{0632E0F5-1280-48EF-8FFD-0539318DF2C3}.Debug|Any CPU.Build.0 = Debug|Any CPU
		{0632E0F5-1280-48EF-8FFD-0539318DF2C3}.Debug|ARM.ActiveCfg = Debug|Any CPU
		{0632E0F5-1280-48EF-8FFD-0539318DF2C3}.Debug|ARM.Build.0 = Debug|Any CPU
		{0632E0F5-1280-48EF-8FFD-0539318DF2C3}.Debug|ARM64.ActiveCfg = Debug|Any CPU
		{0632E0F5-1280-48EF-8FFD-0539318DF2C3}.Debug|ARM64.Build.0 = Debug|Any CPU
		{0632E0F5-1280-48EF-8FFD-0539318DF2C3}.Debug|x64.ActiveCfg = Debug|Any CPU
		{0632E0F5-1280-48EF-8FFD-0539318DF2C3}.Debug|x64.Build.0 = Debug|Any CPU
		{0632E0F5-1280-48EF-8FFD-0539318DF2C3}.Debug|x86.ActiveCfg = Debug|Any CPU
		{0632E0F5-1280-48EF-8FFD-0539318DF2C3}.Debug|x86.Build.0 = Debug|Any CPU
		{0632E0F5-1280-48EF-8FFD-0539318DF2C3}.Release|Any CPU.ActiveCfg = Release|Any CPU
		{0632E0F5-1280-48EF-8FFD-0539318DF2C3}.Release|Any CPU.Build.0 = Release|Any CPU
		{0632E0F5-1280-48EF-8FFD-0539318DF2C3}.Release|ARM.ActiveCfg = Release|Any CPU
		{0632E0F5-1280-48EF-8FFD-0539318DF2C3}.Release|ARM.Build.0 = Release|Any CPU
		{0632E0F5-1280-48EF-8FFD-0539318DF2C3}.Release|ARM64.ActiveCfg = Release|Any CPU
		{0632E0F5-1280-48EF-8FFD-0539318DF2C3}.Release|ARM64.Build.0 = Release|Any CPU
		{0632E0F5-1280-48EF-8FFD-0539318DF2C3}.Release|x64.ActiveCfg = Release|Any CPU
		{0632E0F5-1280-48EF-8FFD-0539318DF2C3}.Release|x64.Build.0 = Release|Any CPU
		{0632E0F5-1280-48EF-8FFD-0539318DF2C3}.Release|x86.ActiveCfg = Release|Any CPU
		{0632E0F5-1280-48EF-8FFD-0539318DF2C3}.Release|x86.Build.0 = Release|Any CPU
		{478C965D-F99A-49F7-BA9E-FF2C0D7EE04E}.Debug|Any CPU.ActiveCfg = Debug|Any CPU
		{478C965D-F99A-49F7-BA9E-FF2C0D7EE04E}.Debug|Any CPU.Build.0 = Debug|Any CPU
		{478C965D-F99A-49F7-BA9E-FF2C0D7EE04E}.Debug|ARM.ActiveCfg = Debug|Any CPU
		{478C965D-F99A-49F7-BA9E-FF2C0D7EE04E}.Debug|ARM.Build.0 = Debug|Any CPU
		{478C965D-F99A-49F7-BA9E-FF2C0D7EE04E}.Debug|ARM64.ActiveCfg = Debug|Any CPU
		{478C965D-F99A-49F7-BA9E-FF2C0D7EE04E}.Debug|ARM64.Build.0 = Debug|Any CPU
		{478C965D-F99A-49F7-BA9E-FF2C0D7EE04E}.Debug|x64.ActiveCfg = Debug|Any CPU
		{478C965D-F99A-49F7-BA9E-FF2C0D7EE04E}.Debug|x64.Build.0 = Debug|Any CPU
		{478C965D-F99A-49F7-BA9E-FF2C0D7EE04E}.Debug|x86.ActiveCfg = Debug|Any CPU
		{478C965D-F99A-49F7-BA9E-FF2C0D7EE04E}.Debug|x86.Build.0 = Debug|Any CPU
		{478C965D-F99A-49F7-BA9E-FF2C0D7EE04E}.Release|Any CPU.ActiveCfg = Release|Any CPU
		{478C965D-F99A-49F7-BA9E-FF2C0D7EE04E}.Release|Any CPU.Build.0 = Release|Any CPU
		{478C965D-F99A-49F7-BA9E-FF2C0D7EE04E}.Release|ARM.ActiveCfg = Release|Any CPU
		{478C965D-F99A-49F7-BA9E-FF2C0D7EE04E}.Release|ARM.Build.0 = Release|Any CPU
		{478C965D-F99A-49F7-BA9E-FF2C0D7EE04E}.Release|ARM64.ActiveCfg = Release|Any CPU
		{478C965D-F99A-49F7-BA9E-FF2C0D7EE04E}.Release|ARM64.Build.0 = Release|Any CPU
		{478C965D-F99A-49F7-BA9E-FF2C0D7EE04E}.Release|x64.ActiveCfg = Release|Any CPU
		{478C965D-F99A-49F7-BA9E-FF2C0D7EE04E}.Release|x64.Build.0 = Release|Any CPU
		{478C965D-F99A-49F7-BA9E-FF2C0D7EE04E}.Release|x86.ActiveCfg = Release|Any CPU
		{478C965D-F99A-49F7-BA9E-FF2C0D7EE04E}.Release|x86.Build.0 = Release|Any CPU
		{0BB8F439-2B22-47E2-ABC8-88D1B16AE668}.Debug|Any CPU.ActiveCfg = Debug|Any CPU
		{0BB8F439-2B22-47E2-ABC8-88D1B16AE668}.Debug|Any CPU.Build.0 = Debug|Any CPU
		{0BB8F439-2B22-47E2-ABC8-88D1B16AE668}.Debug|ARM.ActiveCfg = Debug|Any CPU
		{0BB8F439-2B22-47E2-ABC8-88D1B16AE668}.Debug|ARM.Build.0 = Debug|Any CPU
		{0BB8F439-2B22-47E2-ABC8-88D1B16AE668}.Debug|ARM64.ActiveCfg = Debug|Any CPU
		{0BB8F439-2B22-47E2-ABC8-88D1B16AE668}.Debug|ARM64.Build.0 = Debug|Any CPU
		{0BB8F439-2B22-47E2-ABC8-88D1B16AE668}.Debug|x64.ActiveCfg = Debug|Any CPU
		{0BB8F439-2B22-47E2-ABC8-88D1B16AE668}.Debug|x64.Build.0 = Debug|Any CPU
		{0BB8F439-2B22-47E2-ABC8-88D1B16AE668}.Debug|x86.ActiveCfg = Debug|Any CPU
		{0BB8F439-2B22-47E2-ABC8-88D1B16AE668}.Debug|x86.Build.0 = Debug|Any CPU
		{0BB8F439-2B22-47E2-ABC8-88D1B16AE668}.Release|Any CPU.ActiveCfg = Release|Any CPU
		{0BB8F439-2B22-47E2-ABC8-88D1B16AE668}.Release|Any CPU.Build.0 = Release|Any CPU
		{0BB8F439-2B22-47E2-ABC8-88D1B16AE668}.Release|ARM.ActiveCfg = Release|Any CPU
		{0BB8F439-2B22-47E2-ABC8-88D1B16AE668}.Release|ARM.Build.0 = Release|Any CPU
		{0BB8F439-2B22-47E2-ABC8-88D1B16AE668}.Release|ARM64.ActiveCfg = Release|Any CPU
		{0BB8F439-2B22-47E2-ABC8-88D1B16AE668}.Release|ARM64.Build.0 = Release|Any CPU
		{0BB8F439-2B22-47E2-ABC8-88D1B16AE668}.Release|x64.ActiveCfg = Release|Any CPU
		{0BB8F439-2B22-47E2-ABC8-88D1B16AE668}.Release|x64.Build.0 = Release|Any CPU
		{0BB8F439-2B22-47E2-ABC8-88D1B16AE668}.Release|x86.ActiveCfg = Release|Any CPU
		{0BB8F439-2B22-47E2-ABC8-88D1B16AE668}.Release|x86.Build.0 = Release|Any CPU
		{FDE47676-E31F-4378-8010-9614A6211B5E}.Debug|Any CPU.ActiveCfg = Debug|Any CPU
		{FDE47676-E31F-4378-8010-9614A6211B5E}.Debug|Any CPU.Build.0 = Debug|Any CPU
		{FDE47676-E31F-4378-8010-9614A6211B5E}.Debug|ARM.ActiveCfg = Debug|Any CPU
		{FDE47676-E31F-4378-8010-9614A6211B5E}.Debug|ARM.Build.0 = Debug|Any CPU
		{FDE47676-E31F-4378-8010-9614A6211B5E}.Debug|ARM64.ActiveCfg = Debug|Any CPU
		{FDE47676-E31F-4378-8010-9614A6211B5E}.Debug|ARM64.Build.0 = Debug|Any CPU
		{FDE47676-E31F-4378-8010-9614A6211B5E}.Debug|x64.ActiveCfg = Debug|Any CPU
		{FDE47676-E31F-4378-8010-9614A6211B5E}.Debug|x64.Build.0 = Debug|Any CPU
		{FDE47676-E31F-4378-8010-9614A6211B5E}.Debug|x86.ActiveCfg = Debug|Any CPU
		{FDE47676-E31F-4378-8010-9614A6211B5E}.Debug|x86.Build.0 = Debug|Any CPU
		{FDE47676-E31F-4378-8010-9614A6211B5E}.Release|Any CPU.ActiveCfg = Release|Any CPU
		{FDE47676-E31F-4378-8010-9614A6211B5E}.Release|Any CPU.Build.0 = Release|Any CPU
		{FDE47676-E31F-4378-8010-9614A6211B5E}.Release|ARM.ActiveCfg = Release|Any CPU
		{FDE47676-E31F-4378-8010-9614A6211B5E}.Release|ARM.Build.0 = Release|Any CPU
		{FDE47676-E31F-4378-8010-9614A6211B5E}.Release|ARM64.ActiveCfg = Release|Any CPU
		{FDE47676-E31F-4378-8010-9614A6211B5E}.Release|ARM64.Build.0 = Release|Any CPU
		{FDE47676-E31F-4378-8010-9614A6211B5E}.Release|x64.ActiveCfg = Release|Any CPU
		{FDE47676-E31F-4378-8010-9614A6211B5E}.Release|x64.Build.0 = Release|Any CPU
		{FDE47676-E31F-4378-8010-9614A6211B5E}.Release|x86.ActiveCfg = Release|Any CPU
		{FDE47676-E31F-4378-8010-9614A6211B5E}.Release|x86.Build.0 = Release|Any CPU
		{50DEAF43-D7DB-4251-A486-33502DE58EA3}.Debug|Any CPU.ActiveCfg = Debug|Any CPU
		{50DEAF43-D7DB-4251-A486-33502DE58EA3}.Debug|Any CPU.Build.0 = Debug|Any CPU
		{50DEAF43-D7DB-4251-A486-33502DE58EA3}.Debug|ARM.ActiveCfg = Debug|Any CPU
		{50DEAF43-D7DB-4251-A486-33502DE58EA3}.Debug|ARM.Build.0 = Debug|Any CPU
		{50DEAF43-D7DB-4251-A486-33502DE58EA3}.Debug|ARM64.ActiveCfg = Debug|Any CPU
		{50DEAF43-D7DB-4251-A486-33502DE58EA3}.Debug|ARM64.Build.0 = Debug|Any CPU
		{50DEAF43-D7DB-4251-A486-33502DE58EA3}.Debug|x64.ActiveCfg = Debug|Any CPU
		{50DEAF43-D7DB-4251-A486-33502DE58EA3}.Debug|x64.Build.0 = Debug|Any CPU
		{50DEAF43-D7DB-4251-A486-33502DE58EA3}.Debug|x86.ActiveCfg = Debug|Any CPU
		{50DEAF43-D7DB-4251-A486-33502DE58EA3}.Debug|x86.Build.0 = Debug|Any CPU
		{50DEAF43-D7DB-4251-A486-33502DE58EA3}.Release|Any CPU.ActiveCfg = Release|Any CPU
		{50DEAF43-D7DB-4251-A486-33502DE58EA3}.Release|Any CPU.Build.0 = Release|Any CPU
		{50DEAF43-D7DB-4251-A486-33502DE58EA3}.Release|ARM.ActiveCfg = Release|Any CPU
		{50DEAF43-D7DB-4251-A486-33502DE58EA3}.Release|ARM.Build.0 = Release|Any CPU
		{50DEAF43-D7DB-4251-A486-33502DE58EA3}.Release|ARM64.ActiveCfg = Release|Any CPU
		{50DEAF43-D7DB-4251-A486-33502DE58EA3}.Release|ARM64.Build.0 = Release|Any CPU
		{50DEAF43-D7DB-4251-A486-33502DE58EA3}.Release|x64.ActiveCfg = Release|Any CPU
		{50DEAF43-D7DB-4251-A486-33502DE58EA3}.Release|x64.Build.0 = Release|Any CPU
		{50DEAF43-D7DB-4251-A486-33502DE58EA3}.Release|x86.ActiveCfg = Release|Any CPU
		{50DEAF43-D7DB-4251-A486-33502DE58EA3}.Release|x86.Build.0 = Release|Any CPU
		{9412F783-E87C-401F-8853-4F6AE77F7E9A}.Debug|Any CPU.ActiveCfg = Debug|Any CPU
		{9412F783-E87C-401F-8853-4F6AE77F7E9A}.Debug|Any CPU.Build.0 = Debug|Any CPU
		{9412F783-E87C-401F-8853-4F6AE77F7E9A}.Debug|ARM.ActiveCfg = Debug|Any CPU
		{9412F783-E87C-401F-8853-4F6AE77F7E9A}.Debug|ARM.Build.0 = Debug|Any CPU
		{9412F783-E87C-401F-8853-4F6AE77F7E9A}.Debug|ARM64.ActiveCfg = Debug|Any CPU
		{9412F783-E87C-401F-8853-4F6AE77F7E9A}.Debug|ARM64.Build.0 = Debug|Any CPU
		{9412F783-E87C-401F-8853-4F6AE77F7E9A}.Debug|x64.ActiveCfg = Debug|Any CPU
		{9412F783-E87C-401F-8853-4F6AE77F7E9A}.Debug|x64.Build.0 = Debug|Any CPU
		{9412F783-E87C-401F-8853-4F6AE77F7E9A}.Debug|x86.ActiveCfg = Debug|Any CPU
		{9412F783-E87C-401F-8853-4F6AE77F7E9A}.Debug|x86.Build.0 = Debug|Any CPU
		{9412F783-E87C-401F-8853-4F6AE77F7E9A}.Release|Any CPU.ActiveCfg = Release|Any CPU
		{9412F783-E87C-401F-8853-4F6AE77F7E9A}.Release|Any CPU.Build.0 = Release|Any CPU
		{9412F783-E87C-401F-8853-4F6AE77F7E9A}.Release|ARM.ActiveCfg = Release|Any CPU
		{9412F783-E87C-401F-8853-4F6AE77F7E9A}.Release|ARM.Build.0 = Release|Any CPU
		{9412F783-E87C-401F-8853-4F6AE77F7E9A}.Release|ARM64.ActiveCfg = Release|Any CPU
		{9412F783-E87C-401F-8853-4F6AE77F7E9A}.Release|ARM64.Build.0 = Release|Any CPU
		{9412F783-E87C-401F-8853-4F6AE77F7E9A}.Release|x64.ActiveCfg = Release|Any CPU
		{9412F783-E87C-401F-8853-4F6AE77F7E9A}.Release|x64.Build.0 = Release|Any CPU
		{9412F783-E87C-401F-8853-4F6AE77F7E9A}.Release|x86.ActiveCfg = Release|Any CPU
		{9412F783-E87C-401F-8853-4F6AE77F7E9A}.Release|x86.Build.0 = Release|Any CPU
		{7734C643-0AFD-4C5D-8458-0B0EFD4605FB}.Debug|Any CPU.ActiveCfg = Debug|Any CPU
		{7734C643-0AFD-4C5D-8458-0B0EFD4605FB}.Debug|Any CPU.Build.0 = Debug|Any CPU
		{7734C643-0AFD-4C5D-8458-0B0EFD4605FB}.Debug|ARM.ActiveCfg = Debug|Any CPU
		{7734C643-0AFD-4C5D-8458-0B0EFD4605FB}.Debug|ARM.Build.0 = Debug|Any CPU
		{7734C643-0AFD-4C5D-8458-0B0EFD4605FB}.Debug|ARM64.ActiveCfg = Debug|Any CPU
		{7734C643-0AFD-4C5D-8458-0B0EFD4605FB}.Debug|ARM64.Build.0 = Debug|Any CPU
		{7734C643-0AFD-4C5D-8458-0B0EFD4605FB}.Debug|x64.ActiveCfg = Debug|Any CPU
		{7734C643-0AFD-4C5D-8458-0B0EFD4605FB}.Debug|x64.Build.0 = Debug|Any CPU
		{7734C643-0AFD-4C5D-8458-0B0EFD4605FB}.Debug|x86.ActiveCfg = Debug|Any CPU
		{7734C643-0AFD-4C5D-8458-0B0EFD4605FB}.Debug|x86.Build.0 = Debug|Any CPU
		{7734C643-0AFD-4C5D-8458-0B0EFD4605FB}.Release|Any CPU.ActiveCfg = Release|Any CPU
		{7734C643-0AFD-4C5D-8458-0B0EFD4605FB}.Release|Any CPU.Build.0 = Release|Any CPU
		{7734C643-0AFD-4C5D-8458-0B0EFD4605FB}.Release|ARM.ActiveCfg = Release|Any CPU
		{7734C643-0AFD-4C5D-8458-0B0EFD4605FB}.Release|ARM.Build.0 = Release|Any CPU
		{7734C643-0AFD-4C5D-8458-0B0EFD4605FB}.Release|ARM64.ActiveCfg = Release|Any CPU
		{7734C643-0AFD-4C5D-8458-0B0EFD4605FB}.Release|ARM64.Build.0 = Release|Any CPU
		{7734C643-0AFD-4C5D-8458-0B0EFD4605FB}.Release|x64.ActiveCfg = Release|Any CPU
		{7734C643-0AFD-4C5D-8458-0B0EFD4605FB}.Release|x64.Build.0 = Release|Any CPU
		{7734C643-0AFD-4C5D-8458-0B0EFD4605FB}.Release|x86.ActiveCfg = Release|Any CPU
		{7734C643-0AFD-4C5D-8458-0B0EFD4605FB}.Release|x86.Build.0 = Release|Any CPU
		{984ADF27-4C75-4B34-9DF0-0F8B88DDFD32}.Debug|Any CPU.ActiveCfg = Debug|x86
		{984ADF27-4C75-4B34-9DF0-0F8B88DDFD32}.Debug|ARM.ActiveCfg = Debug|ARM
		{984ADF27-4C75-4B34-9DF0-0F8B88DDFD32}.Debug|ARM.Build.0 = Debug|ARM
		{984ADF27-4C75-4B34-9DF0-0F8B88DDFD32}.Debug|ARM.Deploy.0 = Debug|ARM
		{984ADF27-4C75-4B34-9DF0-0F8B88DDFD32}.Debug|ARM64.ActiveCfg = Debug|ARM64
		{984ADF27-4C75-4B34-9DF0-0F8B88DDFD32}.Debug|ARM64.Build.0 = Debug|ARM64
		{984ADF27-4C75-4B34-9DF0-0F8B88DDFD32}.Debug|ARM64.Deploy.0 = Debug|ARM64
		{984ADF27-4C75-4B34-9DF0-0F8B88DDFD32}.Debug|x64.ActiveCfg = Debug|x64
		{984ADF27-4C75-4B34-9DF0-0F8B88DDFD32}.Debug|x64.Build.0 = Debug|x64
		{984ADF27-4C75-4B34-9DF0-0F8B88DDFD32}.Debug|x64.Deploy.0 = Debug|x64
		{984ADF27-4C75-4B34-9DF0-0F8B88DDFD32}.Debug|x86.ActiveCfg = Debug|x86
		{984ADF27-4C75-4B34-9DF0-0F8B88DDFD32}.Debug|x86.Build.0 = Debug|x86
		{984ADF27-4C75-4B34-9DF0-0F8B88DDFD32}.Release|Any CPU.ActiveCfg = Release|x86
		{984ADF27-4C75-4B34-9DF0-0F8B88DDFD32}.Release|ARM.ActiveCfg = Release|ARM
		{984ADF27-4C75-4B34-9DF0-0F8B88DDFD32}.Release|ARM.Build.0 = Release|ARM
		{984ADF27-4C75-4B34-9DF0-0F8B88DDFD32}.Release|ARM.Deploy.0 = Release|ARM
		{984ADF27-4C75-4B34-9DF0-0F8B88DDFD32}.Release|ARM64.ActiveCfg = Release|ARM64
		{984ADF27-4C75-4B34-9DF0-0F8B88DDFD32}.Release|ARM64.Build.0 = Release|ARM64
		{984ADF27-4C75-4B34-9DF0-0F8B88DDFD32}.Release|ARM64.Deploy.0 = Release|ARM64
		{984ADF27-4C75-4B34-9DF0-0F8B88DDFD32}.Release|x64.ActiveCfg = Release|x64
		{984ADF27-4C75-4B34-9DF0-0F8B88DDFD32}.Release|x64.Build.0 = Release|x64
		{984ADF27-4C75-4B34-9DF0-0F8B88DDFD32}.Release|x64.Deploy.0 = Release|x64
		{984ADF27-4C75-4B34-9DF0-0F8B88DDFD32}.Release|x86.ActiveCfg = Release|x86
		{984ADF27-4C75-4B34-9DF0-0F8B88DDFD32}.Release|x86.Build.0 = Release|x86
		{984ADF27-4C75-4B34-9DF0-0F8B88DDFD32}.Release|x86.Deploy.0 = Release|x86
	EndGlobalSection
	GlobalSection(SolutionProperties) = preSolution
		HideSolutionNode = FALSE
	EndGlobalSection
	GlobalSection(ExtensibilityGlobals) = postSolution
		SolutionGuid = {C3FD571E-62CE-48B2-B652-6573F1AF1D83}
	EndGlobalSection
EndGlobal
